Microsoft Visual Studio Solution File, Format Version 12.00
# Visual Studio Version 17
VisualStudioVersion = 17.5.2.0
MinimumVisualStudioVersion = 10.0.40219.1
Project("{FAE04EC0-301F-11D3-BF4B-00C04F79EFBC}") = "Implementation", "Implementation.csproj", "{490FBD20-ABF1-16CE-D47B-BC5B5A211C3C}"
EndProject
Global
	GlobalSection(SolutionConfigurationPlatforms) = preSolution
		Debug|Any CPU = Debug|Any CPU
		Release|Any CPU = Release|Any CPU
	EndGlobalSection
	GlobalSection(ProjectConfigurationPlatforms) = postSolution
		{490FBD20-ABF1-16CE-D47B-BC5B5A211C3C}.Debug|Any CPU.ActiveCfg = Debug|Any CPU
		{490FBD20-ABF1-16CE-D47B-BC5B5A211C3C}.Debug|Any CPU.Build.0 = Debug|Any CPU
		{490FBD20-ABF1-16CE-D47B-BC5B5A211C3C}.Release|Any CPU.ActiveCfg = Release|Any CPU
		{490FBD20-ABF1-16CE-D47B-BC5B5A211C3C}.Release|Any CPU.Build.0 = Release|Any CPU
	EndGlobalSection
	GlobalSection(SolutionProperties) = preSolution
		HideSolutionNode = FALSE
	EndGlobalSection
	GlobalSection(ExtensibilityGlobals) = postSolution
		SolutionGuid = {B8D02449-0A05-48FE-B1E9-89BE7B465C56}
	EndGlobalSection
EndGlobal
