
Microsoft Visual Studio Solution File, Format Version 12.00
# Visual Studio Version 16
VisualStudioVersion = 16.0.29806.167
MinimumVisualStudioVersion = 10.0.40219.1
Project("{9A19103F-16F7-4668-BE54-9A1E7A4F7556}") = "Implementation", "Implementation\Implementation.csproj", "{F6964700-7F3B-44BD-9025-6C29EB567E8B}"
EndProject
Project("{FAE04EC0-301F-11D3-BF4B-00C04F79EFBC}") = "UnitTestProject2", "UnitTestProject2\UnitTestProject2.csproj", "{660C333C-0548-4769-BED3-2F1390CCD733}"
EndProject
Global
	GlobalSection(SolutionConfigurationPlatforms) = preSolution
		Debug|Any CPU = Debug|Any CPU
		Release|Any CPU = Release|Any CPU
	EndGlobalSection
	GlobalSection(ProjectConfigurationPlatforms) = postSolution
		{F6964700-7F3B-44BD-9025-6C29EB567E8B}.Debug|Any CPU.ActiveCfg = Debug|Any CPU
		{F6964700-7F3B-44BD-9025-6C29EB567E8B}.Debug|Any CPU.Build.0 = Debug|Any CPU
		{F6964700-7F3B-44BD-9025-6C29EB567E8B}.Release|Any CPU.ActiveCfg = Release|Any CPU
		{F6964700-7F3B-44BD-9025-6C29EB567E8B}.Release|Any CPU.Build.0 = Release|Any CPU
		{660C333C-0548-4769-BED3-2F1390CCD733}.Debug|Any CPU.ActiveCfg = Debug|Any CPU
		{660C333C-0548-4769-BED3-2F1390CCD733}.Debug|Any CPU.Build.0 = Debug|Any CPU
		{660C333C-0548-4769-BED3-2F1390CCD733}.Release|Any CPU.ActiveCfg = Release|Any CPU
		{660C333C-0548-4769-BED3-2F1390CCD733}.Release|Any CPU.Build.0 = Release|Any CPU
	EndGlobalSection
	GlobalSection(SolutionProperties) = preSolution
		HideSolutionNode = FALSE
	EndGlobalSection
	GlobalSection(ExtensibilityGlobals) = postSolution
		SolutionGuid = {7BB11CE8-C606-4DE5-9675-319E2B7941CA}
	EndGlobalSection
EndGlobal
